
Microsoft Visual Studio Solution File, Format Version 12.00
# Visual Studio 15
VisualStudioVersion = 15.0.28307.1500
MinimumVisualStudioVersion = 10.0.40219.1
Project("{FAE04EC0-301F-11D3-BF4B-00C04F79EFBC}") = "Multthreading", "Multthreading\Multthreading.csproj", "{CAA4D05C-AD20-4BD9-89DD-1C643D54B1B4}"
EndProject
Project("{FAE04EC0-301F-11D3-BF4B-00C04F79EFBC}") = "PassareParametriAunThread", "PassareParametriAunThread\PassareParametriAunThread.csproj", "{9638C37B-8C2F-4CEF-B022-953D206E59EC}"
EndProject
Project("{FAE04EC0-301F-11D3-BF4B-00C04F79EFBC}") = "Join", "Join\Join.csproj", "{11524004-1B0C-4A0D-BFA2-D7152D92A6F7}"
EndProject
Project("{FAE04EC0-301F-11D3-BF4B-00C04F79EFBC}") = "Abort", "Abort\Abort.csproj", "{3C61E889-0AA0-4405-A4CA-B863ED9C9A52}"
EndProject
Global
	GlobalSection(SolutionConfigurationPlatforms) = preSolution
		Debug|Any CPU = Debug|Any CPU
		Release|Any CPU = Release|Any CPU
	EndGlobalSection
	GlobalSection(ProjectConfigurationPlatforms) = postSolution
		{CAA4D05C-AD20-4BD9-89DD-1C643D54B1B4}.Debug|Any CPU.ActiveCfg = Debug|Any CPU
		{CAA4D05C-AD20-4BD9-89DD-1C643D54B1B4}.Debug|Any CPU.Build.0 = Debug|Any CPU
		{CAA4D05C-AD20-4BD9-89DD-1C643D54B1B4}.Release|Any CPU.ActiveCfg = Release|Any CPU
		{CAA4D05C-AD20-4BD9-89DD-1C643D54B1B4}.Release|Any CPU.Build.0 = Release|Any CPU
		{9638C37B-8C2F-4CEF-B022-953D206E59EC}.Debug|Any CPU.ActiveCfg = Debug|Any CPU
		{9638C37B-8C2F-4CEF-B022-953D206E59EC}.Debug|Any CPU.Build.0 = Debug|Any CPU
		{9638C37B-8C2F-4CEF-B022-953D206E59EC}.Release|Any CPU.ActiveCfg = Release|Any CPU
		{9638C37B-8C2F-4CEF-B022-953D206E59EC}.Release|Any CPU.Build.0 = Release|Any CPU
		{11524004-1B0C-4A0D-BFA2-D7152D92A6F7}.Debug|Any CPU.ActiveCfg = Debug|Any CPU
		{11524004-1B0C-4A0D-BFA2-D7152D92A6F7}.Debug|Any CPU.Build.0 = Debug|Any CPU
		{11524004-1B0C-4A0D-BFA2-D7152D92A6F7}.Release|Any CPU.ActiveCfg = Release|Any CPU
		{11524004-1B0C-4A0D-BFA2-D7152D92A6F7}.Release|Any CPU.Build.0 = Release|Any CPU
		{3C61E889-0AA0-4405-A4CA-B863ED9C9A52}.Debug|Any CPU.ActiveCfg = Debug|Any CPU
		{3C61E889-0AA0-4405-A4CA-B863ED9C9A52}.Debug|Any CPU.Build.0 = Debug|Any CPU
		{3C61E889-0AA0-4405-A4CA-B863ED9C9A52}.Release|Any CPU.ActiveCfg = Release|Any CPU
		{3C61E889-0AA0-4405-A4CA-B863ED9C9A52}.Release|Any CPU.Build.0 = Release|Any CPU
	EndGlobalSection
	GlobalSection(SolutionProperties) = preSolution
		HideSolutionNode = FALSE
	EndGlobalSection
	GlobalSection(ExtensibilityGlobals) = postSolution
		SolutionGuid = {D2E83895-93CC-4B7C-9737-BED63D624739}
	EndGlobalSection
EndGlobal
